# THIS IS AN AUTOGENERATED FILE. DO NOT EDIT THIS FILE DIRECTLY.
# yarn lockfile v1


"@babel/parser@^7.24.7":
  version "7.24.8"
  resolved "https://registry.npmmirror.com/@babel/parser/-/parser-7.24.8.tgz"
  integrity sha512-WzfbgXOkGzZiXXCqk43kKwZjzwx4oulxZi3nq2TYL9mOjQv6kYwul9mz6ID36njuL7Xkp6nJEfok848Zj10j/w==

"@ctrl/tinycolor@^3.4.1":
  version "3.6.1"
  resolved "https://registry.npmmirror.com/@ctrl/tinycolor/-/tinycolor-3.6.1.tgz"
  integrity sha512-SITSV6aIXsuVNV3f3O0f2n/cgyEDWoSqtZMYiAmcsYHydcKrOz3gUxB/iXd/Qf08+IZX4KpgNbvUdMBmWz+kcA==

"@element-plus/icons-vue@^2.3.1":
  version "2.3.1"
  resolved "https://registry.npmmirror.com/@element-plus/icons-vue/-/icons-vue-2.3.1.tgz"
  integrity sha512-XxVUZv48RZAd87ucGS48jPf6pKu0yV5UCg9f4FFwtrYxXOwWuVJo6wOvSLKEoMQKjv8GsX/mhP6UsC1lRwbUWg==

"@element-plus/icons@^0.0.11":
  version "0.0.11"
  resolved "https://registry.npmmirror.com/@element-plus/icons/-/icons-0.0.11.tgz"
  integrity sha512-iKQXSxXu131Ai+I9Ymtcof9WId7kaXvB1+WRfAfpQCW7UiAMYgdNDqb/u0hgTo2Yq3MwC4MWJnNuTBEpG8r7+A==

"@esbuild/aix-ppc64@0.21.5":
  version "0.21.5"
  resolved "https://registry.npmmirror.com/@esbuild/aix-ppc64/-/aix-ppc64-0.21.5.tgz#c7184a326533fcdf1b8ee0733e21c713b975575f"
  integrity sha512-1SDgH6ZSPTlggy1yI6+Dbkiz8xzpHJEVAlF/AM1tHPLsf5STom9rwtjE4hKAF20FfXXNTFqEYXyJNWh1GiZedQ==

"@esbuild/android-arm64@0.21.5":
  version "0.21.5"
  resolved "https://registry.npmmirror.com/@esbuild/android-arm64/-/android-arm64-0.21.5.tgz#09d9b4357780da9ea3a7dfb833a1f1ff439b4052"
  integrity sha512-c0uX9VAUBQ7dTDCjq+wdyGLowMdtR/GoC2U5IYk/7D1H1JYC0qseD7+11iMP2mRLN9RcCMRcjC4YMclCzGwS/A==

"@esbuild/android-arm@0.21.5":
  version "0.21.5"
  resolved "https://registry.npmmirror.com/@esbuild/android-arm/-/android-arm-0.21.5.tgz#9b04384fb771926dfa6d7ad04324ecb2ab9b2e28"
  integrity sha512-vCPvzSjpPHEi1siZdlvAlsPxXl7WbOVUBBAowWug4rJHb68Ox8KualB+1ocNvT5fjv6wpkX6o/iEpbDrf68zcg==

"@esbuild/android-x64@0.21.5":
  version "0.21.5"
  resolved "https://registry.npmmirror.com/@esbuild/android-x64/-/android-x64-0.21.5.tgz#29918ec2db754cedcb6c1b04de8cd6547af6461e"
  integrity sha512-D7aPRUUNHRBwHxzxRvp856rjUHRFW1SdQATKXH2hqA0kAZb1hKmi02OpYRacl0TxIGz/ZmXWlbZgjwWYaCakTA==

"@esbuild/darwin-arm64@0.21.5":
  version "0.21.5"
  resolved "https://registry.npmmirror.com/@esbuild/darwin-arm64/-/darwin-arm64-0.21.5.tgz#e495b539660e51690f3928af50a76fb0a6ccff2a"
  integrity sha512-DwqXqZyuk5AiWWf3UfLiRDJ5EDd49zg6O9wclZ7kUMv2WRFr4HKjXp/5t8JZ11QbQfUS6/cRCKGwYhtNAY88kQ==

"@esbuild/darwin-x64@0.21.5":
  version "0.21.5"
  resolved "https://registry.npmmirror.com/@esbuild/darwin-x64/-/darwin-x64-0.21.5.tgz#c13838fa57372839abdddc91d71542ceea2e1e22"
  integrity sha512-se/JjF8NlmKVG4kNIuyWMV/22ZaerB+qaSi5MdrXtd6R08kvs2qCN4C09miupktDitvh8jRFflwGFBQcxZRjbw==

"@esbuild/freebsd-arm64@0.21.5":
  version "0.21.5"
  resolved "https://registry.npmmirror.com/@esbuild/freebsd-arm64/-/freebsd-arm64-0.21.5.tgz#646b989aa20bf89fd071dd5dbfad69a3542e550e"
  integrity sha512-5JcRxxRDUJLX8JXp/wcBCy3pENnCgBR9bN6JsY4OmhfUtIHe3ZW0mawA7+RDAcMLrMIZaf03NlQiX9DGyB8h4g==

"@esbuild/freebsd-x64@0.21.5":
  version "0.21.5"
  resolved "https://registry.npmmirror.com/@esbuild/freebsd-x64/-/freebsd-x64-0.21.5.tgz#aa615cfc80af954d3458906e38ca22c18cf5c261"
  integrity sha512-J95kNBj1zkbMXtHVH29bBriQygMXqoVQOQYA+ISs0/2l3T9/kj42ow2mpqerRBxDJnmkUDCaQT/dfNXWX/ZZCQ==

"@esbuild/linux-arm64@0.21.5":
  version "0.21.5"
  resolved "https://registry.npmmirror.com/@esbuild/linux-arm64/-/linux-arm64-0.21.5.tgz#70ac6fa14f5cb7e1f7f887bcffb680ad09922b5b"
  integrity sha512-ibKvmyYzKsBeX8d8I7MH/TMfWDXBF3db4qM6sy+7re0YXya+K1cem3on9XgdT2EQGMu4hQyZhan7TeQ8XkGp4Q==

"@esbuild/linux-arm@0.21.5":
  version "0.21.5"
  resolved "https://registry.npmmirror.com/@esbuild/linux-arm/-/linux-arm-0.21.5.tgz#fc6fd11a8aca56c1f6f3894f2bea0479f8f626b9"
  integrity sha512-bPb5AHZtbeNGjCKVZ9UGqGwo8EUu4cLq68E95A53KlxAPRmUyYv2D6F0uUI65XisGOL1hBP5mTronbgo+0bFcA==

"@esbuild/linux-ia32@0.21.5":
  version "0.21.5"
  resolved "https://registry.npmmirror.com/@esbuild/linux-ia32/-/linux-ia32-0.21.5.tgz#3271f53b3f93e3d093d518d1649d6d68d346ede2"
  integrity sha512-YvjXDqLRqPDl2dvRODYmmhz4rPeVKYvppfGYKSNGdyZkA01046pLWyRKKI3ax8fbJoK5QbxblURkwK/MWY18Tg==

"@esbuild/linux-loong64@0.21.5":
  version "0.21.5"
  resolved "https://registry.npmmirror.com/@esbuild/linux-loong64/-/linux-loong64-0.21.5.tgz#ed62e04238c57026aea831c5a130b73c0f9f26df"
  integrity sha512-uHf1BmMG8qEvzdrzAqg2SIG/02+4/DHB6a9Kbya0XDvwDEKCoC8ZRWI5JJvNdUjtciBGFQ5PuBlpEOXQj+JQSg==

"@esbuild/linux-mips64el@0.21.5":
  version "0.21.5"
  resolved "https://registry.npmmirror.com/@esbuild/linux-mips64el/-/linux-mips64el-0.21.5.tgz#e79b8eb48bf3b106fadec1ac8240fb97b4e64cbe"
  integrity sha512-IajOmO+KJK23bj52dFSNCMsz1QP1DqM6cwLUv3W1QwyxkyIWecfafnI555fvSGqEKwjMXVLokcV5ygHW5b3Jbg==

"@esbuild/linux-ppc64@0.21.5":
  version "0.21.5"
  resolved "https://registry.npmmirror.com/@esbuild/linux-ppc64/-/linux-ppc64-0.21.5.tgz#5f2203860a143b9919d383ef7573521fb154c3e4"
  integrity sha512-1hHV/Z4OEfMwpLO8rp7CvlhBDnjsC3CttJXIhBi+5Aj5r+MBvy4egg7wCbe//hSsT+RvDAG7s81tAvpL2XAE4w==

"@esbuild/linux-riscv64@0.21.5":
  version "0.21.5"
  resolved "https://registry.npmmirror.com/@esbuild/linux-riscv64/-/linux-riscv64-0.21.5.tgz#07bcafd99322d5af62f618cb9e6a9b7f4bb825dc"
  integrity sha512-2HdXDMd9GMgTGrPWnJzP2ALSokE/0O5HhTUvWIbD3YdjME8JwvSCnNGBnTThKGEB91OZhzrJ4qIIxk/SBmyDDA==

"@esbuild/linux-s390x@0.21.5":
  version "0.21.5"
  resolved "https://registry.npmmirror.com/@esbuild/linux-s390x/-/linux-s390x-0.21.5.tgz#b7ccf686751d6a3e44b8627ababc8be3ef62d8de"
  integrity sha512-zus5sxzqBJD3eXxwvjN1yQkRepANgxE9lgOW2qLnmr8ikMTphkjgXu1HR01K4FJg8h1kEEDAqDcZQtbrRnB41A==

"@esbuild/linux-x64@0.21.5":
  version "0.21.5"
  resolved "https://registry.npmmirror.com/@esbuild/linux-x64/-/linux-x64-0.21.5.tgz#6d8f0c768e070e64309af8004bb94e68ab2bb3b0"
  integrity sha512-1rYdTpyv03iycF1+BhzrzQJCdOuAOtaqHTWJZCWvijKD2N5Xu0TtVC8/+1faWqcP9iBCWOmjmhoH94dH82BxPQ==

"@esbuild/netbsd-x64@0.21.5":
  version "0.21.5"
  resolved "https://registry.npmmirror.com/@esbuild/netbsd-x64/-/netbsd-x64-0.21.5.tgz#bbe430f60d378ecb88decb219c602667387a6047"
  integrity sha512-Woi2MXzXjMULccIwMnLciyZH4nCIMpWQAs049KEeMvOcNADVxo0UBIQPfSmxB3CWKedngg7sWZdLvLczpe0tLg==

"@esbuild/openbsd-x64@0.21.5":
  version "0.21.5"
  resolved "https://registry.npmmirror.com/@esbuild/openbsd-x64/-/openbsd-x64-0.21.5.tgz#99d1cf2937279560d2104821f5ccce220cb2af70"
  integrity sha512-HLNNw99xsvx12lFBUwoT8EVCsSvRNDVxNpjZ7bPn947b8gJPzeHWyNVhFsaerc0n3TsbOINvRP2byTZ5LKezow==

"@esbuild/sunos-x64@0.21.5":
  version "0.21.5"
  resolved "https://registry.npmmirror.com/@esbuild/sunos-x64/-/sunos-x64-0.21.5.tgz#08741512c10d529566baba837b4fe052c8f3487b"
  integrity sha512-6+gjmFpfy0BHU5Tpptkuh8+uw3mnrvgs+dSPQXQOv3ekbordwnzTVEb4qnIvQcYXq6gzkyTnoZ9dZG+D4garKg==

"@esbuild/win32-arm64@0.21.5":
  version "0.21.5"
  resolved "https://registry.npmmirror.com/@esbuild/win32-arm64/-/win32-arm64-0.21.5.tgz#675b7385398411240735016144ab2e99a60fc75d"
  integrity sha512-Z0gOTd75VvXqyq7nsl93zwahcTROgqvuAcYDUr+vOv8uHhNSKROyU961kgtCD1e95IqPKSQKH7tBTslnS3tA8A==

"@esbuild/win32-ia32@0.21.5":
  version "0.21.5"
  resolved "https://registry.npmmirror.com/@esbuild/win32-ia32/-/win32-ia32-0.21.5.tgz#1bfc3ce98aa6ca9a0969e4d2af72144c59c1193b"
  integrity sha512-SWXFF1CL2RVNMaVs+BBClwtfZSvDgtL//G/smwAc5oVK/UPu2Gu9tIaRgFmYFFKrmg3SyAjSrElf0TiJ1v8fYA==

"@esbuild/win32-x64@0.21.5":
  version "0.21.5"
  resolved "https://registry.npmmirror.com/@esbuild/win32-x64/-/win32-x64-0.21.5.tgz"
  integrity sha512-tQd/1efJuzPC6rCFwEvLtci/xNFcTZknmXs98FYDfGE4wP9ClFV98nyKrzJKVPMhdDnjzLhdUyMX4PsQAPjwIw==

"@floating-ui/core@^1.6.0":
  version "1.6.4"
  resolved "https://registry.npmmirror.com/@floating-ui/core/-/core-1.6.4.tgz"
  integrity sha512-a4IowK4QkXl4SCWTGUR0INAfEOX3wtsYw3rKK5InQEHMGObkR8Xk44qYQD9P4r6HHw0iIfK6GUKECmY8sTkqRA==
  dependencies:
    "@floating-ui/utils" "^0.2.4"

"@floating-ui/dom@^1.0.1":
  version "1.6.7"
  resolved "https://registry.npmmirror.com/@floating-ui/dom/-/dom-1.6.7.tgz"
  integrity sha512-wmVfPG5o2xnKDU4jx/m4w5qva9FWHcnZ8BvzEe90D/RpwsJaTAVYPEPdQ8sbr/N8zZTAHlZUTQdqg8ZUbzHmng==
  dependencies:
    "@floating-ui/core" "^1.6.0"
    "@floating-ui/utils" "^0.2.4"

"@floating-ui/utils@^0.2.4":
  version "0.2.4"
  resolved "https://registry.npmmirror.com/@floating-ui/utils/-/utils-0.2.4.tgz"
  integrity sha512-dWO2pw8hhi+WrXq1YJy2yCuWoL20PddgGaqTgVe4cOS9Q6qklXCiA1tJEqX6BEwRNSCP84/afac9hd4MS+zEUA==

"@jridgewell/gen-mapping@^0.3.5":
  version "0.3.5"
  resolved "https://registry.npmmirror.com/@jridgewell/gen-mapping/-/gen-mapping-0.3.5.tgz"
  integrity sha512-IzL8ZoEDIBRWEzlCcRhOaCupYyN5gdIK+Q6fbFdPDg6HqX6jpkItn7DFIpW9LQzXG6Df9sA7+OKnq0qlz/GaQg==
  dependencies:
    "@jridgewell/set-array" "^1.2.1"
    "@jridgewell/sourcemap-codec" "^1.4.10"
    "@jridgewell/trace-mapping" "^0.3.24"

"@jridgewell/resolve-uri@^3.1.0":
  version "3.1.2"
  resolved "https://registry.npmmirror.com/@jridgewell/resolve-uri/-/resolve-uri-3.1.2.tgz"
  integrity sha512-bRISgCIjP20/tbWSPWMEi54QVPRZExkuD9lJL+UIxUKtwVJA8wW1Trb1jMs1RFXo1CBTNZ/5hpC9QvmKWdopKw==

"@jridgewell/set-array@^1.2.1":
  version "1.2.1"
  resolved "https://registry.npmmirror.com/@jridgewell/set-array/-/set-array-1.2.1.tgz"
  integrity sha512-R8gLRTZeyp03ymzP/6Lil/28tGeGEzhx1q2k703KGWRAI1VdvPIXdG70VJc2pAMw3NA6JKL5hhFu1sJX0Mnn/A==

"@jridgewell/source-map@^0.3.3":
  version "0.3.6"
  resolved "https://registry.npmmirror.com/@jridgewell/source-map/-/source-map-0.3.6.tgz"
  integrity sha512-1ZJTZebgqllO79ue2bm3rIGud/bOe0pP5BjSRCRxxYkEZS8STV7zN84UBbiYu7jy+eCKSnVIUgoWWE/tt+shMQ==
  dependencies:
    "@jridgewell/gen-mapping" "^0.3.5"
    "@jridgewell/trace-mapping" "^0.3.25"

"@jridgewell/sourcemap-codec@^1.4.10", "@jridgewell/sourcemap-codec@^1.4.14", "@jridgewell/sourcemap-codec@^1.4.15":
  version "1.5.0"
  resolved "https://registry.npmmirror.com/@jridgewell/sourcemap-codec/-/sourcemap-codec-1.5.0.tgz"
  integrity sha512-gv3ZRaISU3fjPAgNsriBRqGWQL6quFx04YMPW/zD8XMLsU32mhCCbfbO6KZFLjvYpCZ8zyDEgqsgf+PwPaM7GQ==

"@jridgewell/trace-mapping@^0.3.24", "@jridgewell/trace-mapping@^0.3.25":
  version "0.3.25"
  resolved "https://registry.npmmirror.com/@jridgewell/trace-mapping/-/trace-mapping-0.3.25.tgz"
  integrity sha512-vNk6aEwybGtawWmy/PzwnGDOjCkLWSD2wqvjGGAgOAwCGWySYXfYoxt00IJkTF+8Lb57DwOb3Aa0o9CApepiYQ==
  dependencies:
    "@jridgewell/resolve-uri" "^3.1.0"
    "@jridgewell/sourcemap-codec" "^1.4.14"

"@popperjs/core@npm:@sxzz/popperjs-es@^2.11.7":
  version "2.11.7"
  resolved "https://registry.npmmirror.com/@sxzz/popperjs-es/-/popperjs-es-2.11.7.tgz"
  integrity sha512-Ccy0NlLkzr0Ex2FKvh2X+OyERHXJ88XJ1MXtsI9y9fGexlaXaVTPzBCRBwIxFkORuOb+uBqeu+RqnpgYTEZRUQ==

"@rollup/rollup-android-arm-eabi@4.18.1":
  version "4.18.1"
  resolved "https://registry.npmmirror.com/@rollup/rollup-android-arm-eabi/-/rollup-android-arm-eabi-4.18.1.tgz#f0da481244b7d9ea15296b35f7fe39cd81157396"
  integrity sha512-lncuC4aHicncmbORnx+dUaAgzee9cm/PbIqgWz1PpXuwc+sa1Ct83tnqUDy/GFKleLiN7ZIeytM6KJ4cAn1SxA==

"@rollup/rollup-android-arm64@4.18.1":
  version "4.18.1"
  resolved "https://registry.npmmirror.com/@rollup/rollup-android-arm64/-/rollup-android-arm64-4.18.1.tgz#82ab3c575f4235fb647abea5e08eec6cf325964e"
  integrity sha512-F/tkdw0WSs4ojqz5Ovrw5r9odqzFjb5LIgHdHZG65dFI1lWTWRVy32KDJLKRISHgJvqUeUhdIvy43fX41znyDg==

"@rollup/rollup-darwin-arm64@4.18.1":
  version "4.18.1"
  resolved "https://registry.npmmirror.com/@rollup/rollup-darwin-arm64/-/rollup-darwin-arm64-4.18.1.tgz#6a530452e68a9152809ce58de1f89597632a085b"
  integrity sha512-vk+ma8iC1ebje/ahpxpnrfVQJibTMyHdWpOGZ3JpQ7Mgn/3QNHmPq7YwjZbIE7km73dH5M1e6MRRsnEBW7v5CQ==

"@rollup/rollup-darwin-x64@4.18.1":
  version "4.18.1"
  resolved "https://registry.npmmirror.com/@rollup/rollup-darwin-x64/-/rollup-darwin-x64-4.18.1.tgz#47727479f5ca292cf434d7e75af2725b724ecbc7"
  integrity sha512-IgpzXKauRe1Tafcej9STjSSuG0Ghu/xGYH+qG6JwsAUxXrnkvNHcq/NL6nz1+jzvWAnQkuAJ4uIwGB48K9OCGA==

"@rollup/rollup-linux-arm-gnueabihf@4.18.1":
  version "4.18.1"
  resolved "https://registry.npmmirror.com/@rollup/rollup-linux-arm-gnueabihf/-/rollup-linux-arm-gnueabihf-4.18.1.tgz#46193c498aa7902a8db89ac00128060320e84fef"
  integrity sha512-P9bSiAUnSSM7EmyRK+e5wgpqai86QOSv8BwvkGjLwYuOpaeomiZWifEos517CwbG+aZl1T4clSE1YqqH2JRs+g==

"@rollup/rollup-linux-arm-musleabihf@4.18.1":
  version "4.18.1"
  resolved "https://registry.npmmirror.com/@rollup/rollup-linux-arm-musleabihf/-/rollup-linux-arm-musleabihf-4.18.1.tgz#22d831fe239643c1d05c98906420325cee439d85"
  integrity sha512-5RnjpACoxtS+aWOI1dURKno11d7krfpGDEn19jI8BuWmSBbUC4ytIADfROM1FZrFhQPSoP+KEa3NlEScznBTyQ==

"@rollup/rollup-linux-arm64-gnu@4.18.1":
  version "4.18.1"
  resolved "https://registry.npmmirror.com/@rollup/rollup-linux-arm64-gnu/-/rollup-linux-arm64-gnu-4.18.1.tgz#19abd33695ec9d588b4a858d122631433084e4a3"
  integrity sha512-8mwmGD668m8WaGbthrEYZ9CBmPug2QPGWxhJxh/vCgBjro5o96gL04WLlg5BA233OCWLqERy4YUzX3bJGXaJgQ==

"@rollup/rollup-linux-arm64-musl@4.18.1":
  version "4.18.1"
  resolved "https://registry.npmmirror.com/@rollup/rollup-linux-arm64-musl/-/rollup-linux-arm64-musl-4.18.1.tgz#d60af8c0b9be424424ff96a0ba19fce65d26f6ab"
  integrity sha512-dJX9u4r4bqInMGOAQoGYdwDP8lQiisWb9et+T84l2WXk41yEej8v2iGKodmdKimT8cTAYt0jFb+UEBxnPkbXEQ==

"@rollup/rollup-linux-powerpc64le-gnu@4.18.1":
  version "4.18.1"
  resolved "https://registry.npmmirror.com/@rollup/rollup-linux-powerpc64le-gnu/-/rollup-linux-powerpc64le-gnu-4.18.1.tgz#b1194e5ed6d138fdde0842d126fccde74a90f457"
  integrity sha512-V72cXdTl4EI0x6FNmho4D502sy7ed+LuVW6Ym8aI6DRQ9hQZdp5sj0a2usYOlqvFBNKQnLQGwmYnujo2HvjCxQ==

"@rollup/rollup-linux-riscv64-gnu@4.18.1":
  version "4.18.1"
  resolved "https://registry.npmmirror.com/@rollup/rollup-linux-riscv64-gnu/-/rollup-linux-riscv64-gnu-4.18.1.tgz#f5a635c017b9bff8b856b0221fbd5c0e3373b7ec"
  integrity sha512-f+pJih7sxoKmbjghrM2RkWo2WHUW8UbfxIQiWo5yeCaCM0TveMEuAzKJte4QskBp1TIinpnRcxkquY+4WuY/tg==

"@rollup/rollup-linux-s390x-gnu@4.18.1":
  version "4.18.1"
  resolved "https://registry.npmmirror.com/@rollup/rollup-linux-s390x-gnu/-/rollup-linux-s390x-gnu-4.18.1.tgz#f1043d9f4026bf6995863cb3f8dd4732606e4baa"
  integrity sha512-qb1hMMT3Fr/Qz1OKovCuUM11MUNLUuHeBC2DPPAWUYYUAOFWaxInaTwTQmc7Fl5La7DShTEpmYwgdt2hG+4TEg==

"@rollup/rollup-linux-x64-gnu@4.18.1":
  version "4.18.1"
  resolved "https://registry.npmmirror.com/@rollup/rollup-linux-x64-gnu/-/rollup-linux-x64-gnu-4.18.1.tgz#1e781730be445119f06c9df5f185e193bc82c610"
  integrity sha512-7O5u/p6oKUFYjRbZkL2FLbwsyoJAjyeXHCU3O4ndvzg2OFO2GinFPSJFGbiwFDaCFc+k7gs9CF243PwdPQFh5g==

"@rollup/rollup-linux-x64-musl@4.18.1":
  version "4.18.1"
  resolved "https://registry.npmmirror.com/@rollup/rollup-linux-x64-musl/-/rollup-linux-x64-musl-4.18.1.tgz#08f12e1965d6f27d6898ff932592121cca6abc4b"
  integrity sha512-pDLkYITdYrH/9Cv/Vlj8HppDuLMDUBmgsM0+N+xLtFd18aXgM9Nyqupb/Uw+HeidhfYg2lD6CXvz6CjoVOaKjQ==

"@rollup/rollup-win32-arm64-msvc@4.18.1":
  version "4.18.1"
  resolved "https://registry.npmmirror.com/@rollup/rollup-win32-arm64-msvc/-/rollup-win32-arm64-msvc-4.18.1.tgz#4a5dcbbe7af7d41cac92b09798e7c1831da1f599"
  integrity sha512-W2ZNI323O/8pJdBGil1oCauuCzmVd9lDmWBBqxYZcOqWD6aWqJtVBQ1dFrF4dYpZPks6F+xCZHfzG5hYlSHZ6g==

"@rollup/rollup-win32-ia32-msvc@4.18.1":
  version "4.18.1"
  resolved "https://registry.npmmirror.com/@rollup/rollup-win32-ia32-msvc/-/rollup-win32-ia32-msvc-4.18.1.tgz#075b0713de627843a73b4cf0e087c56b53e9d780"
  integrity sha512-ELfEX1/+eGZYMaCIbK4jqLxO1gyTSOIlZr6pbC4SRYFaSIDVKOnZNMdoZ+ON0mrFDp4+H5MhwNC1H/AhE3zQLg==

"@rollup/rollup-win32-x64-msvc@4.18.1":
  version "4.18.1"
  resolved "https://registry.npmmirror.com/@rollup/rollup-win32-x64-msvc/-/rollup-win32-x64-msvc-4.18.1.tgz"
  integrity sha512-yjk2MAkQmoaPYCSu35RLJ62+dz358nE83VfTePJRp8CG7aMg25mEJYpXFiD+NcevhX8LxD5OP5tktPXnXN7GDw==

"@tauri-apps/api@>=2.0.0-rc.0", "@tauri-apps/api@^2.0.0-rc.0":
  version "2.0.0-rc.0"
  resolved "https://registry.npmmirror.com/@tauri-apps/api/-/api-2.0.0-rc.0.tgz#902b4e9803ecdcc0a3913d7c09df26d651f3dfd1"
  integrity sha512-v454Qs3REHc3Za59U+/eSmBsdmF+3NE5+76+lFDaitVqN4ZglDHENDaMARYKGJVZuxiSkzyqG0SeG7lLQjVkPA==

"@tauri-apps/cli-darwin-arm64@2.0.0-rc.0":
  version "2.0.0-rc.0"
  resolved "https://registry.npmmirror.com/@tauri-apps/cli-darwin-arm64/-/cli-darwin-arm64-2.0.0-rc.0.tgz#53de595f7df1448981b6e3491873ad55582d7ff8"
  integrity sha512-jpQc++6ESFUuBpoXvJNPTRtrmToMIByOynZ4K5SAwI9RkKUikSaDmlRZV0GisOVPT7TT08khk7MPtAQeFyjqwA==

"@tauri-apps/cli-darwin-x64@2.0.0-rc.0":
  version "2.0.0-rc.0"
  resolved "https://registry.npmmirror.com/@tauri-apps/cli-darwin-x64/-/cli-darwin-x64-2.0.0-rc.0.tgz#4cb50c6f95dd26292cd5c89d9e7e97335a788166"
  integrity sha512-EnqsgcNUwH29YjQ4JdBID5kILQQdIJgZ36VQgtju/BBvnd1lr+6Bswdk1/4y41hhAVz9WyHeMCnTH33CSKvNxw==

"@tauri-apps/cli-linux-arm-gnueabihf@2.0.0-rc.0":
  version "2.0.0-rc.0"
  resolved "https://registry.npmmirror.com/@tauri-apps/cli-linux-arm-gnueabihf/-/cli-linux-arm-gnueabihf-2.0.0-rc.0.tgz#14987492049b5abf516bd55e8a6fdcd008e225c9"
  integrity sha512-YKg/qThAmQYRToiV8lx/DvMf0VaUJAutIfv8ALq9Or4zdg7mZlAlKvF+7lZQQRmKhQ62+0gnoJS2HyN8feaagw==

"@tauri-apps/cli-linux-arm64-gnu@2.0.0-rc.0":
  version "2.0.0-rc.0"
  resolved "https://registry.npmmirror.com/@tauri-apps/cli-linux-arm64-gnu/-/cli-linux-arm64-gnu-2.0.0-rc.0.tgz#fa5492ab35763064fa6636521faa37094bb3ea36"
  integrity sha512-UnflWuNhH/u41GSmG1jm6qhWUM4o1AB463QCaf2fAjLo5GWiI78U6rJOOXZvOOmWIQuzsmAUZjNDORWW13+osA==

"@tauri-apps/cli-linux-arm64-musl@2.0.0-rc.0":
  version "2.0.0-rc.0"
  resolved "https://registry.npmmirror.com/@tauri-apps/cli-linux-arm64-musl/-/cli-linux-arm64-musl-2.0.0-rc.0.tgz#94db3b616b05e4fea124abd3d85ccc75dcc5254a"
  integrity sha512-sWRaDyb332gtHWHr0KvoLzkzvXqRpZ0vpQYxKF2/mIZtaUuMtU56GmRwFVX4VjQYgWb3yWmzTr+tEKjCjXbjng==

"@tauri-apps/cli-linux-x64-gnu@2.0.0-rc.0":
  version "2.0.0-rc.0"
  resolved "https://registry.npmmirror.com/@tauri-apps/cli-linux-x64-gnu/-/cli-linux-x64-gnu-2.0.0-rc.0.tgz#442a3d593fa3f81fda8fbdf471ed829d1b40da19"
  integrity sha512-1dokW+9ZfhwzwYz42jYR5A0/VnGoEGVW7HyN1N6KvHeL1FpSbh0LoTsDODjVjZSjXd62+Aac/stbJqBZChQWbA==

"@tauri-apps/cli-linux-x64-musl@2.0.0-rc.0":
  version "2.0.0-rc.0"
  resolved "https://registry.npmmirror.com/@tauri-apps/cli-linux-x64-musl/-/cli-linux-x64-musl-2.0.0-rc.0.tgz#c1b3740878907850275f3e95074ce95034951be3"
  integrity sha512-7tb34p3vLEGS4pGRpmxcz7eq37yD7DVe4XFfgj8ZO0KsaRBVivzNK2snNDLnd0dVZcx/lJjZc8Cf0B5W1/x/Jw==

"@tauri-apps/cli-win32-arm64-msvc@2.0.0-rc.0":
  version "2.0.0-rc.0"
  resolved "https://registry.npmmirror.com/@tauri-apps/cli-win32-arm64-msvc/-/cli-win32-arm64-msvc-2.0.0-rc.0.tgz#296004bf5f5350f5fa9ac0f4007491e34e6f48ed"
  integrity sha512-Ilw3Gro8ZBew9yfBXcaET9lLj0g4jehWDMH6j2Wdje1rnvBbQShMaSn3WNMfJypyet5nqM88nGA3YipzmVcIBA==

"@tauri-apps/cli-win32-ia32-msvc@2.0.0-rc.0":
  version "2.0.0-rc.0"
  resolved "https://registry.npmmirror.com/@tauri-apps/cli-win32-ia32-msvc/-/cli-win32-ia32-msvc-2.0.0-rc.0.tgz#31d26e051615d283a9c8c7a1f6b75c97f810c2f1"
  integrity sha512-AWzgDlvv0BssWH3aNsDXLRkKbGynWdm5X6DenSQKtZm5dmDBZsNlZRMgkyPb8WSHK/7ARznKs2OdnkuHWuh9ww==

"@tauri-apps/cli-win32-x64-msvc@2.0.0-rc.0":
  version "2.0.0-rc.0"
  resolved "https://registry.npmmirror.com/@tauri-apps/cli-win32-x64-msvc/-/cli-win32-x64-msvc-2.0.0-rc.0.tgz"
  integrity sha512-zmXDUkBmzZ6lk6jT6AoOAE2w+kmkLX5uf/vaJHHzE6WsrZ6UymH0HTLwbRXhaplvpnzXGVyLuSlv3/BK6Q69aQ==

"@tauri-apps/cli@^2.0.0-rc.0":
  version "2.0.0-rc.0"
  resolved "https://registry.npmmirror.com/@tauri-apps/cli/-/cli-2.0.0-rc.0.tgz"
  integrity sha512-X9N/R7e3zeTpU0HgQi2kaNYncMFoSTzXstnUyGOcKrJcCkR4ebbA2nYqhGvIPfglLKHNFRTZwfPNhixx2Ftxxg==
  optionalDependencies:
    "@tauri-apps/cli-darwin-arm64" "2.0.0-rc.0"
    "@tauri-apps/cli-darwin-x64" "2.0.0-rc.0"
    "@tauri-apps/cli-linux-arm-gnueabihf" "2.0.0-rc.0"
    "@tauri-apps/cli-linux-arm64-gnu" "2.0.0-rc.0"
    "@tauri-apps/cli-linux-arm64-musl" "2.0.0-rc.0"
    "@tauri-apps/cli-linux-x64-gnu" "2.0.0-rc.0"
    "@tauri-apps/cli-linux-x64-musl" "2.0.0-rc.0"
    "@tauri-apps/cli-win32-arm64-msvc" "2.0.0-rc.0"
    "@tauri-apps/cli-win32-ia32-msvc" "2.0.0-rc.0"
    "@tauri-apps/cli-win32-x64-msvc" "2.0.0-rc.0"

"@tauri-apps/plugin-global-shortcut@^2.0.0-rc.0":
  version "2.0.0-rc.0"
  resolved "https://registry.npmmirror.com/@tauri-apps/plugin-global-shortcut/-/plugin-global-shortcut-2.0.0-rc.0.tgz#f2b3fdbda3b44f66879da410aee172c9e2cdc55e"
  integrity sha512-rcefV4AG+vnbTtGc07hDn4Uj8u//NpuqHVg1CShACyiCS0q2sZrDVC3qPN3RGhzQyeIOPq4bY1kQRHODffKXZA==
  dependencies:
    "@tauri-apps/api" "^2.0.0-rc.0"

"@tauri-apps/plugin-shell@>=2.0.0-rc.0":
  version "2.0.0-rc.0"
  resolved "https://registry.npmmirror.com/@tauri-apps/plugin-shell/-/plugin-shell-2.0.0-rc.0.tgz#41645da666375930f95ee2155fb9dd5a02874952"
  integrity sha512-bhUcQcrqZoK8H1DFXapr5r1Z75oh6Kd5Tltz97XpZFLREEqp+KhN2Fvyh8r/fKAyenYsTYUIsDsyGdjdueuF9g==
  dependencies:
    "@tauri-apps/api" "^2.0.0-rc.0"

"@types/estree@1.0.5":
  version "1.0.5"
  resolved "https://registry.npmmirror.com/@types/estree/-/estree-1.0.5.tgz"
  integrity sha512-/kYRxGDLWzHOB7q+wtSUQlFrtcdUccpfy+X+9iMBpHK8QLLhx2wIPYuS5DYtR9Wa/YlZAbIovy7qVdB1Aq6Lyw==

"@types/lodash-es@^4.17.6":
  version "4.17.12"
  resolved "https://registry.npmmirror.com/@types/lodash-es/-/lodash-es-4.17.12.tgz"
  integrity sha512-0NgftHUcV4v34VhXm8QBSftKVXtbkBG3ViCjs6+eJ5a6y6Mi/jiFGPc1sC7QK+9BFhWrURE3EOggmWaSxL9OzQ==
  dependencies:
    "@types/lodash" "*"

"@types/lodash@*", "@types/lodash@^4.14.182":
  version "4.17.6"
  resolved "https://registry.npmmirror.com/@types/lodash/-/lodash-4.17.6.tgz"
  integrity sha512-OpXEVoCKSS3lQqjx9GGGOapBeuW5eUboYHRlHP9urXPX25IKZ6AnP5ZRxtVf63iieUbsHxLn8NQ5Nlftc6yzAA==

"@types/node@^20.11.19":
  version "20.14.10"
  resolved "https://registry.npmmirror.com/@types/node/-/node-20.14.10.tgz"
  integrity sha512-MdiXf+nDuMvY0gJKxyfZ7/6UFsETO7mGKF54MVD/ekJS6HdFtpZFBgrh6Pseu64XTb2MLyFPlbW6hj8HYRQNOQ==
  dependencies:
    undici-types "~5.26.4"

"@types/spark-md5@^3.0.4":
  version "3.0.4"
  resolved "https://registry.npmmirror.com/@types/spark-md5/-/spark-md5-3.0.4.tgz"
  integrity sha512-qtOaDz+IXiNndPgYb6t1YoutnGvFRtWSNzpVjkAPCfB2UzTyybuD4Tjgs7VgRawum3JnJNRwNQd4N//SvrHg1Q==

"@types/web-bluetooth@^0.0.16":
  version "0.0.16"
  resolved "https://registry.npmmirror.com/@types/web-bluetooth/-/web-bluetooth-0.0.16.tgz"
  integrity sha512-oh8q2Zc32S6gd/j50GowEjKLoOVOwHP/bWVjKJInBwQqdOYMdPrf1oVlelTlyfFK3CKxL1uahMDAr+vy8T7yMQ==

"@vitejs/plugin-vue@^5.0.5":
  version "5.0.5"
  resolved "https://registry.npmmirror.com/@vitejs/plugin-vue/-/plugin-vue-5.0.5.tgz"
  integrity sha512-LOjm7XeIimLBZyzinBQ6OSm3UBCNVCpLkxGC0oWmm2YPzVZoxMsdvNVimLTBzpAnR9hl/yn1SHGuRfe6/Td9rQ==

"@volar/language-core@2.4.0-alpha.15", "@volar/language-core@~2.4.0-alpha.15":
  version "2.4.0-alpha.15"
  resolved "https://registry.npmmirror.com/@volar/language-core/-/language-core-2.4.0-alpha.15.tgz"
  integrity sha512-mt8z4Fm2WxfQYoQHPcKVjLQV6PgPqyKLbkCVY2cr5RSaamqCHjhKEpsFX66aL4D/7oYguuaUw9Bx03Vt0TpIIA==
  dependencies:
    "@volar/source-map" "2.4.0-alpha.15"

"@volar/source-map@2.4.0-alpha.15":
  version "2.4.0-alpha.15"
  resolved "https://registry.npmmirror.com/@volar/source-map/-/source-map-2.4.0-alpha.15.tgz"
  integrity sha512-8Htngw5TmBY4L3ClDqBGyfLhsB8EmoEXUH1xydyEtEoK0O6NX5ur4Jw8jgvscTlwzizyl/wsN1vn0cQXVbbXYg==

"@volar/typescript@~2.4.0-alpha.15":
  version "2.4.0-alpha.15"
  resolved "https://registry.npmmirror.com/@volar/typescript/-/typescript-2.4.0-alpha.15.tgz"
  integrity sha512-U3StRBbDuxV6Woa4hvGS4kz3XcOzrWUKgFdEFN+ba1x3eaYg7+ytau8ul05xgA+UNGLXXsKur7fTUhDFyISk0w==
  dependencies:
    "@volar/language-core" "2.4.0-alpha.15"
    path-browserify "^1.0.1"
    vscode-uri "^3.0.8"

"@vue/compiler-core@3.4.31":
  version "3.4.31"
  resolved "https://registry.npmmirror.com/@vue/compiler-core/-/compiler-core-3.4.31.tgz"
  integrity sha512-skOiodXWTV3DxfDhB4rOf3OGalpITLlgCeOwb+Y9GJpfQ8ErigdBUHomBzvG78JoVE8MJoQsb+qhZiHfKeNeEg==
  dependencies:
    "@babel/parser" "^7.24.7"
    "@vue/shared" "3.4.31"
    entities "^4.5.0"
    estree-walker "^2.0.2"
    source-map-js "^1.2.0"

"@vue/compiler-dom@3.4.31", "@vue/compiler-dom@^3.4.0":
  version "3.4.31"
  resolved "https://registry.npmmirror.com/@vue/compiler-dom/-/compiler-dom-3.4.31.tgz"
  integrity sha512-wK424WMXsG1IGMyDGyLqB+TbmEBFM78hIsOJ9QwUVLGrcSk0ak6zYty7Pj8ftm7nEtdU/DGQxAXp0/lM/2cEpQ==
  dependencies:
    "@vue/compiler-core" "3.4.31"
    "@vue/shared" "3.4.31"

"@vue/compiler-sfc@3.4.31":
  version "3.4.31"
  resolved "https://registry.npmmirror.com/@vue/compiler-sfc/-/compiler-sfc-3.4.31.tgz"
  integrity sha512-einJxqEw8IIJxzmnxmJBuK2usI+lJonl53foq+9etB2HAzlPjAS/wa7r0uUpXw5ByX3/0uswVSrjNb17vJm1kQ==
  dependencies:
    "@babel/parser" "^7.24.7"
    "@vue/compiler-core" "3.4.31"
    "@vue/compiler-dom" "3.4.31"
    "@vue/compiler-ssr" "3.4.31"
    "@vue/shared" "3.4.31"
    estree-walker "^2.0.2"
    magic-string "^0.30.10"
    postcss "^8.4.38"
    source-map-js "^1.2.0"

"@vue/compiler-ssr@3.4.31":
  version "3.4.31"
  resolved "https://registry.npmmirror.com/@vue/compiler-ssr/-/compiler-ssr-3.4.31.tgz"
  integrity sha512-RtefmITAje3fJ8FSg1gwgDhdKhZVntIVbwupdyZDSifZTRMiWxWehAOTCc8/KZDnBOcYQ4/9VWxsTbd3wT0hAA==
  dependencies:
    "@vue/compiler-dom" "3.4.31"
    "@vue/shared" "3.4.31"

"@vue/language-core@2.0.26":
  version "2.0.26"
  resolved "https://registry.npmmirror.com/@vue/language-core/-/language-core-2.0.26.tgz"
  integrity sha512-/lt6SfQ3O1yDAhPsnLv9iSUgXd1dMHqUm/t3RctfqjuwQf1LnftZ414X3UBn6aXT4MiwXWtbNJ4Z0NZWwDWgJQ==
  dependencies:
    "@volar/language-core" "~2.4.0-alpha.15"
    "@vue/compiler-dom" "^3.4.0"
    "@vue/shared" "^3.4.0"
    computeds "^0.0.1"
    minimatch "^9.0.3"
    muggle-string "^0.4.1"
    path-browserify "^1.0.1"
    vue-template-compiler "^2.7.14"

"@vue/reactivity@3.4.31":
  version "3.4.31"
  resolved "https://registry.npmmirror.com/@vue/reactivity/-/reactivity-3.4.31.tgz"
  integrity sha512-VGkTani8SOoVkZNds1PfJ/T1SlAIOf8E58PGAhIOUDYPC4GAmFA2u/E14TDAFcf3vVDKunc4QqCe/SHr8xC65Q==
  dependencies:
    "@vue/shared" "3.4.31"

"@vue/runtime-core@3.4.31":
  version "3.4.31"
  resolved "https://registry.npmmirror.com/@vue/runtime-core/-/runtime-core-3.4.31.tgz"
  integrity sha512-LDkztxeUPazxG/p8c5JDDKPfkCDBkkiNLVNf7XZIUnJ+66GVGkP+TIh34+8LtPisZ+HMWl2zqhIw0xN5MwU1cw==
  dependencies:
    "@vue/reactivity" "3.4.31"
    "@vue/shared" "3.4.31"

"@vue/runtime-dom@3.4.31":
  version "3.4.31"
  resolved "https://registry.npmmirror.com/@vue/runtime-dom/-/runtime-dom-3.4.31.tgz"
  integrity sha512-2Auws3mB7+lHhTFCg8E9ZWopA6Q6L455EcU7bzcQ4x6Dn4cCPuqj6S2oBZgN2a8vJRS/LSYYxwFFq2Hlx3Fsaw==
  dependencies:
    "@vue/reactivity" "3.4.31"
    "@vue/runtime-core" "3.4.31"
    "@vue/shared" "3.4.31"
    csstype "^3.1.3"

"@vue/server-renderer@3.4.31":
  version "3.4.31"
  resolved "https://registry.npmmirror.com/@vue/server-renderer/-/server-renderer-3.4.31.tgz"
  integrity sha512-D5BLbdvrlR9PE3by9GaUp1gQXlCNadIZytMIb8H2h3FMWJd4oUfkUTEH2wAr3qxoRz25uxbTcbqd3WKlm9EHQA==
  dependencies:
    "@vue/compiler-ssr" "3.4.31"
    "@vue/shared" "3.4.31"

"@vue/shared@3.4.31", "@vue/shared@^3.4.0":
  version "3.4.31"
  resolved "https://registry.npmmirror.com/@vue/shared/-/shared-3.4.31.tgz"
  integrity sha512-Yp3wtJk//8cO4NItOPpi3QkLExAr/aLBGZMmTtW9WpdwBCJpRM6zj9WgWktXAl8IDIozwNMByT45JP3tO3ACWA==

"@vueuse/core@^9.1.0":
  version "9.13.0"
  resolved "https://registry.npmmirror.com/@vueuse/core/-/core-9.13.0.tgz"
  integrity sha512-pujnclbeHWxxPRqXWmdkKV5OX4Wk4YeK7wusHqRwU0Q7EFusHoqNA/aPhB6KCh9hEqJkLAJo7bb0Lh9b+OIVzw==
  dependencies:
    "@types/web-bluetooth" "^0.0.16"
    "@vueuse/metadata" "9.13.0"
    "@vueuse/shared" "9.13.0"
    vue-demi "*"

"@vueuse/metadata@9.13.0":
  version "9.13.0"
  resolved "https://registry.npmmirror.com/@vueuse/metadata/-/metadata-9.13.0.tgz"
  integrity sha512-gdU7TKNAUVlXXLbaF+ZCfte8BjRJQWPCa2J55+7/h+yDtzw3vOoGQDRXzI6pyKyo6bXFT5/QoPE4hAknExjRLQ==

"@vueuse/shared@9.13.0":
  version "9.13.0"
  resolved "https://registry.npmmirror.com/@vueuse/shared/-/shared-9.13.0.tgz"
  integrity sha512-UrnhU+Cnufu4S6JLCPZnkWh0WwZGUp72ktOF2DFptMlOs3TOdVv8xJN53zhHGARmVOsz5KqOls09+J1NR6sBKw==
  dependencies:
    vue-demi "*"

acorn@^8.8.2:
  version "8.12.1"
  resolved "https://registry.npmmirror.com/acorn/-/acorn-8.12.1.tgz"
  integrity sha512-tcpGyI9zbizT9JbV6oYE477V6mTlXvvi0T0G3SNIYE2apm/G5huBa1+K89VGeovbg+jycCrfhl3ADxErOuO6Jg==

ansi-regex@^5.0.1:
  version "5.0.1"
  resolved "https://registry.npmmirror.com/ansi-regex/-/ansi-regex-5.0.1.tgz"
  integrity sha512-quJQXlTSUGL2LH9SUXo8VwsY4soanhgo6LNSm84E1LBcE8s3O0wpdiRzyR9z/ZZJMlMWv37qOOb9pdJlMUEKFQ==

ansi-styles@^4.0.0:
  version "4.3.0"
  resolved "https://registry.npmmirror.com/ansi-styles/-/ansi-styles-4.3.0.tgz"
  integrity sha512-zbB9rCJAT1rbjiVDb2hqKFHNYLxgtk8NURxZ3IZwD3F6NtxbXZQCnnSi1Lkx+IDohdPlFp222wVALIheZJQSEg==
  dependencies:
    color-convert "^2.0.1"

async-validator@^4.2.5:
  version "4.2.5"
  resolved "https://registry.npmmirror.com/async-validator/-/async-validator-4.2.5.tgz"
  integrity sha512-7HhHjtERjqlNbZtqNqy2rckN/SpOOlmDliet+lP7k+eKZEjPk3DgyeU9lIXLdeLz0uBbbVp+9Qdow9wJWgwwfg==

balanced-match@^1.0.0:
  version "1.0.2"
  resolved "https://registry.npmmirror.com/balanced-match/-/balanced-match-1.0.2.tgz"
  integrity sha512-3oSeUO0TMV67hN1AmbXsK4yaqU7tjiHlbxRDZOpH0KW9+CeX4bRAaX0Anxt0tx2MrpRpWwQaPwIlISEJhYU5Pw==

brace-expansion@^2.0.1:
  version "2.0.1"
  resolved "https://registry.npmmirror.com/brace-expansion/-/brace-expansion-2.0.1.tgz"
  integrity sha512-XnAIvQ8eM+kC6aULx6wuQiwVsnzsi9d3WxzV3FpWTGA19F621kwdbsAcFKXgKUHZWsy+mY6iL1sHTxWEFCytDA==
  dependencies:
    balanced-match "^1.0.0"

braces@^3.0.3:
  version "3.0.3"
  resolved "https://registry.npmmirror.com/braces/-/braces-3.0.3.tgz"
  integrity sha512-yQbXgO/OSZVD2IsiLlro+7Hf6Q18EJrKSEsdoMzKePKXct3gvD8oLcOQdIzGupr5Fj+EDe8gO/lxc1BzfMpxvA==
  dependencies:
    fill-range "^7.1.1"

buffer-from@^1.0.0:
  version "1.1.2"
  resolved "https://registry.npmmirror.com/buffer-from/-/buffer-from-1.1.2.tgz"
  integrity sha512-E+XQCRwSbaaiChtv6k6Dwgc+bx+Bs6vuKJHHl5kox/BaKbhiXzqQOwK4cO22yElGp2OCmjwVhT3HmxgyPGnJfQ==

cliui@^8.0.1:
  version "8.0.1"
  resolved "https://registry.npmmirror.com/cliui/-/cliui-8.0.1.tgz"
  integrity sha512-BSeNnyus75C4//NQ9gQt1/csTXyo/8Sb+afLAkzAptFuMsod9HFokGNudZpi/oQV73hnVK+sR+5PVRMd+Dr7YQ==
  dependencies:
    string-width "^4.2.0"
    strip-ansi "^6.0.1"
    wrap-ansi "^7.0.0"

color-convert@^2.0.1:
  version "2.0.1"
  resolved "https://registry.npmmirror.com/color-convert/-/color-convert-2.0.1.tgz"
  integrity sha512-RRECPsj7iu/xb5oKYcsFHSppFNnsj/52OVTRKb4zP5onXwVF3zVmmToNcOfGC+CRDpfK/U584fMg38ZHCaElKQ==
  dependencies:
    color-name "~1.1.4"

color-name@~1.1.4:
  version "1.1.4"
  resolved "https://registry.npmmirror.com/color-name/-/color-name-1.1.4.tgz"
  integrity sha512-dOy+3AuW3a2wNbZHIuMZpTcgjGuLU/uBL/ubcZF9OXbDo8ff4O8yVp5Bf0efS8uEoYo5q4Fx7dY9OgQGXgAsQA==

commander@^2.20.0:
  version "2.20.3"
  resolved "https://registry.npmmirror.com/commander/-/commander-2.20.3.tgz"
  integrity sha512-GpVkmM8vF2vQUkj2LvZmD35JxeJOLCwJ9cUkugyk2nuhbv3+mJvpLYYt+0+USMxE+oj+ey/lJEnhZw75x/OMcQ==

computeds@^0.0.1:
  version "0.0.1"
  resolved "https://registry.npmmirror.com/computeds/-/computeds-0.0.1.tgz"
  integrity sha512-7CEBgcMjVmitjYo5q8JTJVra6X5mQ20uTThdK+0kR7UEaDrAWEQcRiBtWJzga4eRpP6afNwwLsX2SET2JhVB1Q==

csstype@^3.1.3:
  version "3.1.3"
  resolved "https://registry.npmmirror.com/csstype/-/csstype-3.1.3.tgz"
  integrity sha512-M1uQkMl8rQK/szD0LNhtqxIPLpimGm8sOBwU7lLnCpSbTyY3yeU1Vc7l4KT5zT4s/yOxHH5O7tIuuLOCnLADRw==

dayjs@^1.11.3:
  version "1.11.11"
  resolved "https://registry.npmmirror.com/dayjs/-/dayjs-1.11.11.tgz"
  integrity sha512-okzr3f11N6WuqYtZSvm+F776mB41wRZMhKP+hc34YdW+KmtYYK9iqvHSwo2k9FEH3fhGXvOPV6yz2IcSrfRUDg==

de-indent@^1.0.2:
  version "1.0.2"
  resolved "https://registry.npmmirror.com/de-indent/-/de-indent-1.0.2.tgz"
  integrity sha512-e/1zu3xH5MQryN2zdVaF0OrdNLUbvWxzMbi+iNA6Bky7l1RoP8a2fIbRocyHclXt/arDrrR6lL3TqFD9pMQTsg==

define-lazy-prop@^2.0.0:
  version "2.0.0"
  resolved "https://registry.npmmirror.com/define-lazy-prop/-/define-lazy-prop-2.0.0.tgz"
  integrity sha512-Ds09qNh8yw3khSjiJjiUInaGX9xlqZDY7JVryGxdxV7NPeuqQfplOpQ66yJFZut3jLa5zOwkXw1g9EI2uKh4Og==

element-plus@^2.7.7:
  version "2.7.7"
  resolved "https://registry.npmmirror.com/element-plus/-/element-plus-2.7.7.tgz"
  integrity sha512-7ucUiDAxevyBE8JbXBTe9ofHhS047VmWMLoksE45zZ08XSnhnyG7WUuk3gmDbAklfVMHedb9sEV3OovPUWt+Sw==
  dependencies:
    "@ctrl/tinycolor" "^3.4.1"
    "@element-plus/icons-vue" "^2.3.1"
    "@floating-ui/dom" "^1.0.1"
    "@popperjs/core" "npm:@sxzz/popperjs-es@^2.11.7"
    "@types/lodash" "^4.14.182"
    "@types/lodash-es" "^4.17.6"
    "@vueuse/core" "^9.1.0"
    async-validator "^4.2.5"
    dayjs "^1.11.3"
    escape-html "^1.0.3"
    lodash "^4.17.21"
    lodash-es "^4.17.21"
    lodash-unified "^1.0.2"
    memoize-one "^6.0.0"
    normalize-wheel-es "^1.2.0"

emoji-regex@^8.0.0:
  version "8.0.0"
  resolved "https://registry.npmmirror.com/emoji-regex/-/emoji-regex-8.0.0.tgz"
  integrity sha512-MSjYzcWNOA0ewAHpz0MxpYFvwg6yjy1NG3xteoqz644VCo/RPgnr1/GGt+ic3iJTzQ8Eu3TdM14SawnVUmGE6A==

entities@^4.5.0:
  version "4.5.0"
  resolved "https://registry.npmmirror.com/entities/-/entities-4.5.0.tgz"
  integrity sha512-V0hjH4dGPh9Ao5p0MoRY6BVqtwCjhz6vI5LT8AJ55H+4g9/4vbHx1I54fS0XuclLhDHArPQCiMjDxjaL8fPxhw==

esbuild@^0.21.3:
  version "0.21.5"
  resolved "https://registry.npmmirror.com/esbuild/-/esbuild-0.21.5.tgz"
  integrity sha512-mg3OPMV4hXywwpoDxu3Qda5xCKQi+vCTZq8S9J/EpkhB2HzKXq4SNFZE3+NK93JYxc8VMSep+lOUSC/RVKaBqw==
  optionalDependencies:
    "@esbuild/aix-ppc64" "0.21.5"
    "@esbuild/android-arm" "0.21.5"
    "@esbuild/android-arm64" "0.21.5"
    "@esbuild/android-x64" "0.21.5"
    "@esbuild/darwin-arm64" "0.21.5"
    "@esbuild/darwin-x64" "0.21.5"
    "@esbuild/freebsd-arm64" "0.21.5"
    "@esbuild/freebsd-x64" "0.21.5"
    "@esbuild/linux-arm" "0.21.5"
    "@esbuild/linux-arm64" "0.21.5"
    "@esbuild/linux-ia32" "0.21.5"
    "@esbuild/linux-loong64" "0.21.5"
    "@esbuild/linux-mips64el" "0.21.5"
    "@esbuild/linux-ppc64" "0.21.5"
    "@esbuild/linux-riscv64" "0.21.5"
    "@esbuild/linux-s390x" "0.21.5"
    "@esbuild/linux-x64" "0.21.5"
    "@esbuild/netbsd-x64" "0.21.5"
    "@esbuild/openbsd-x64" "0.21.5"
    "@esbuild/sunos-x64" "0.21.5"
    "@esbuild/win32-arm64" "0.21.5"
    "@esbuild/win32-ia32" "0.21.5"
    "@esbuild/win32-x64" "0.21.5"

escalade@^3.1.1:
  version "3.1.2"
  resolved "https://registry.npmmirror.com/escalade/-/escalade-3.1.2.tgz"
  integrity sha512-ErCHMCae19vR8vQGe50xIsVomy19rg6gFu3+r3jkEO46suLMWBksvVyoGgQV+jOfl84ZSOSlmv6Gxa89PmTGmA==

escape-html@^1.0.3:
  version "1.0.3"
  resolved "https://registry.npmmirror.com/escape-html/-/escape-html-1.0.3.tgz"
  integrity sha512-NiSupZ4OeuGwr68lGIeym/ksIZMJodUGOSCZ/FSnTxcrekbvqrgdUxlJOMpijaKZVjAJrWrGs/6Jy8OMuyj9ow==

estree-walker@^2.0.2:
  version "2.0.2"
  resolved "https://registry.npmmirror.com/estree-walker/-/estree-walker-2.0.2.tgz"
  integrity sha512-Rfkk/Mp/DL7JVje3u18FxFujQlTNR2q6QfMSMB7AvCBx91NGj/ba3kCfza0f6dVDbw7YlRf/nDrn7pQrCCyQ/w==

fill-range@^7.1.1:
  version "7.1.1"
  resolved "https://registry.npmmirror.com/fill-range/-/fill-range-7.1.1.tgz"
  integrity sha512-YsGpe3WHLK8ZYi4tWDg2Jy3ebRz2rXowDxnld4bkQB00cc/1Zw9AWnC0i9ztDJitivtQvaI9KaLyKrc+hBW0yg==
  dependencies:
    to-regex-range "^5.0.1"

fsevents@~2.3.2, fsevents@~2.3.3:
  version "2.3.3"
  resolved "https://registry.npmmirror.com/fsevents/-/fsevents-2.3.3.tgz#cac6407785d03675a2a5e1a5305c697b347d90d6"
  integrity sha512-5xoDfX+fL7faATnagmWPpbFtwh/R77WmMMqqHGS65C3vvB0YHrgF+B1YmZ3441tMj5n63k0212XNoJwzlhffQw==

get-caller-file@^2.0.5:
  version "2.0.5"
  resolved "https://registry.npmmirror.com/get-caller-file/-/get-caller-file-2.0.5.tgz"
  integrity sha512-DyFP3BM/3YHTQOCUL/w0OZHR0lpKeGrxotcHWcqNEdnltqFwXVfhEBQ94eIo34AfQpo0rGki4cyIiftY06h2Fg==

he@^1.2.0:
  version "1.2.0"
  resolved "https://registry.npmmirror.com/he/-/he-1.2.0.tgz"
  integrity sha512-F/1DnUGPopORZi0ni+CvrCgHQ5FyEAHRLSApuYWMmrbSwoN2Mn/7k+Gl38gJnR7yyDZk6WLXwiGod1JOWNDKGw==

is-docker@^2.0.0, is-docker@^2.1.1:
  version "2.2.1"
  resolved "https://registry.npmmirror.com/is-docker/-/is-docker-2.2.1.tgz"
  integrity sha512-F+i2BKsFrH66iaUFc0woD8sLy8getkwTwtOBjvs56Cx4CgJDeKQeqfz8wAYiSb8JOprWhHH5p77PbmYCvvUuXQ==

is-fullwidth-code-point@^3.0.0:
  version "3.0.0"
  resolved "https://registry.npmmirror.com/is-fullwidth-code-point/-/is-fullwidth-code-point-3.0.0.tgz"
  integrity sha512-zymm5+u+sCsSWyD9qNaejV3DFvhCKclKdizYaJUuHA83RLjb7nSuGnddCHGv0hk+KY7BMAlsWeK4Ueg6EV6XQg==

is-number@^7.0.0:
  version "7.0.0"
  resolved "https://registry.npmmirror.com/is-number/-/is-number-7.0.0.tgz"
  integrity sha512-41Cifkg6e8TylSpdtTpeLVMqvSBEVzTttHvERD741+pnZ8ANv0004MRL43QKPDlK9cGvNp6NZWZUBlbGXYxxng==

is-wsl@^2.2.0:
  version "2.2.0"
  resolved "https://registry.npmmirror.com/is-wsl/-/is-wsl-2.2.0.tgz"
  integrity sha512-fKzAra0rGJUUBwGBgNkHZuToZcn+TtXHpeCgmkMJMMYx1sQDYaCSyjJBSCa2nH1DGm7s3n1oBnohoVTBaN7Lww==
  dependencies:
    is-docker "^2.0.0"

lodash-es@^4.17.21:
  version "4.17.21"
  resolved "https://registry.npmmirror.com/lodash-es/-/lodash-es-4.17.21.tgz"
  integrity sha512-mKnC+QJ9pWVzv+C4/U3rRsHapFfHvQFoFB92e52xeyGMcX6/OlIl78je1u8vePzYZSkkogMPJ2yjxxsb89cxyw==

lodash-unified@^1.0.2:
  version "1.0.3"
  resolved "https://registry.npmmirror.com/lodash-unified/-/lodash-unified-1.0.3.tgz"
  integrity sha512-WK9qSozxXOD7ZJQlpSqOT+om2ZfcT4yO+03FuzAHD0wF6S0l0090LRPDx3vhTTLZ8cFKpBn+IOcVXK6qOcIlfQ==

lodash@^4.17.21:
  version "4.17.21"
  resolved "https://registry.npmmirror.com/lodash/-/lodash-4.17.21.tgz"
  integrity sha512-v2kDEe57lecTulaDIuNTPy3Ry4gLGJ6Z1O3vE1krgXZNrsQ+LFTGHVxVjcXPs17LhbZVGedAJv8XZ1tvj5FvSg==

magic-string@^0.30.10:
  version "0.30.10"
  resolved "https://registry.npmmirror.com/magic-string/-/magic-string-0.30.10.tgz"
  integrity sha512-iIRwTIf0QKV3UAnYK4PU8uiEc4SRh5jX0mwpIwETPpHdhVM4f53RSwS/vXvN1JhGX+Cs7B8qIq3d6AH49O5fAQ==
  dependencies:
    "@jridgewell/sourcemap-codec" "^1.4.15"

memoize-one@^6.0.0:
  version "6.0.0"
  resolved "https://registry.npmmirror.com/memoize-one/-/memoize-one-6.0.0.tgz"
  integrity sha512-rkpe71W0N0c0Xz6QD0eJETuWAJGnJ9afsl1srmwPrI+yBCkge5EycXXbYRyvL29zZVUWQCY7InPRCv3GDXuZNw==

micromatch@^4.0.7:
  version "4.0.7"
  resolved "https://registry.npmmirror.com/micromatch/-/micromatch-4.0.7.tgz"
  integrity sha512-LPP/3KorzCwBxfeUuZmaR6bG2kdeHSbe0P2tY3FLRU4vYrjYz5hI4QZwV0njUx3jeuKe67YukQ1LSPZBKDqO/Q==
  dependencies:
    braces "^3.0.3"
    picomatch "^2.3.1"

minimatch@^9.0.3:
  version "9.0.5"
  resolved "https://registry.npmmirror.com/minimatch/-/minimatch-9.0.5.tgz"
  integrity sha512-G6T0ZX48xgozx7587koeX9Ys2NYy6Gmv//P89sEte9V9whIapMNF4idKxnW2QtCcLiTWlb/wfCabAtAFWhhBow==
  dependencies:
    brace-expansion "^2.0.1"

muggle-string@^0.4.1:
  version "0.4.1"
  resolved "https://registry.npmmirror.com/muggle-string/-/muggle-string-0.4.1.tgz"
  integrity sha512-VNTrAak/KhO2i8dqqnqnAHOa3cYBwXEZe9h+D5h/1ZqFSTEFHdM65lR7RoIqq3tBBYavsOXV84NoHXZ0AkPyqQ==

nanoid@^3.3.7:
  version "3.3.7"
  resolved "https://registry.npmmirror.com/nanoid/-/nanoid-3.3.7.tgz"
  integrity sha512-eSRppjcPIatRIMC1U6UngP8XFcz8MQWGQdt1MTBQ7NaAmvXDfvNxbvWV3x2y6CdEUciCSsDHDQZbhYaB8QEo2g==

normalize-wheel-es@^1.2.0:
  version "1.2.0"
  resolved "https://registry.npmmirror.com/normalize-wheel-es/-/normalize-wheel-es-1.2.0.tgz"
  integrity sha512-Wj7+EJQ8mSuXr2iWfnujrimU35R2W4FAErEyTmJoJ7ucwTn2hOUSsRehMb5RSYkxXGTM7Y9QpvPmp++w5ftoJw==

open@^8.4.0:
  version "8.4.2"
  resolved "https://registry.npmmirror.com/open/-/open-8.4.2.tgz"
  integrity sha512-7x81NCL719oNbsq/3mh+hVrAWmFuEYUqrq/Iw3kUzH8ReypT9QQ0BLoJS7/G9k6N81XjW4qHWtjWwe/9eLy1EQ==
  dependencies:
    define-lazy-prop "^2.0.0"
    is-docker "^2.1.1"
    is-wsl "^2.2.0"

path-browserify@^1.0.1:
  version "1.0.1"
  resolved "https://registry.npmmirror.com/path-browserify/-/path-browserify-1.0.1.tgz"
  integrity sha512-b7uo2UCUOYZcnF/3ID0lulOJi/bafxa1xPe7ZPsammBSpjSWQkjNxlt635YGS2MiR9GjvuXCtz2emr3jbsz98g==

picocolors@^1.0.1:
  version "1.0.1"
  resolved "https://registry.npmmirror.com/picocolors/-/picocolors-1.0.1.tgz"
  integrity sha512-anP1Z8qwhkbmu7MFP5iTt+wQKXgwzf7zTyGlcdzabySa9vd0Xt392U0rVmz9poOaBj0uHJKyyo9/upk0HrEQew==

picomatch@^2.3.1:
  version "2.3.1"
  resolved "https://registry.npmmirror.com/picomatch/-/picomatch-2.3.1.tgz"
  integrity sha512-JU3teHTNjmE2VCGFzuY8EXzCDVwEqB2a8fsIvwaStHhAWJEeVd1o1QD80CU6+ZdEXXSLbSsuLwJjkCBWqRQUVA==

postcss@^8.4.38, postcss@^8.4.39:
  version "8.4.39"
  resolved "https://registry.npmmirror.com/postcss/-/postcss-8.4.39.tgz"
  integrity sha512-0vzE+lAiG7hZl1/9I8yzKLx3aR9Xbof3fBHKunvMfOCYAtMhrsnccJY2iTURb9EZd5+pLuiNV9/c/GZJOHsgIw==
  dependencies:
    nanoid "^3.3.7"
    picocolors "^1.0.1"
    source-map-js "^1.2.0"

require-directory@^2.1.1:
  version "2.1.1"
  resolved "https://registry.npmmirror.com/require-directory/-/require-directory-2.1.1.tgz"
  integrity sha512-fGxEI7+wsG9xrvdjsrlmL22OMTTiHRwAMroiEeMgq8gzoLC/PQr7RsRDSTLUg/bZAZtF+TVIkHc6/4RIKrui+Q==

rollup-plugin-visualizer@^5.12.0:
  version "5.12.0"
  resolved "https://registry.npmmirror.com/rollup-plugin-visualizer/-/rollup-plugin-visualizer-5.12.0.tgz"
  integrity sha512-8/NU9jXcHRs7Nnj07PF2o4gjxmm9lXIrZ8r175bT9dK8qoLlvKTwRMArRCMgpMGlq8CTLugRvEmyMeMXIU2pNQ==
  dependencies:
    open "^8.4.0"
    picomatch "^2.3.1"
    source-map "^0.7.4"
    yargs "^17.5.1"

rollup@^4.13.0:
  version "4.18.1"
  resolved "https://registry.npmmirror.com/rollup/-/rollup-4.18.1.tgz"
  integrity sha512-Elx2UT8lzxxOXMpy5HWQGZqkrQOtrVDDa/bm9l10+U4rQnVzbL/LgZ4NOM1MPIDyHk69W4InuYDF5dzRh4Kw1A==
  dependencies:
    "@types/estree" "1.0.5"
  optionalDependencies:
    "@rollup/rollup-android-arm-eabi" "4.18.1"
    "@rollup/rollup-android-arm64" "4.18.1"
    "@rollup/rollup-darwin-arm64" "4.18.1"
    "@rollup/rollup-darwin-x64" "4.18.1"
    "@rollup/rollup-linux-arm-gnueabihf" "4.18.1"
    "@rollup/rollup-linux-arm-musleabihf" "4.18.1"
    "@rollup/rollup-linux-arm64-gnu" "4.18.1"
    "@rollup/rollup-linux-arm64-musl" "4.18.1"
    "@rollup/rollup-linux-powerpc64le-gnu" "4.18.1"
    "@rollup/rollup-linux-riscv64-gnu" "4.18.1"
    "@rollup/rollup-linux-s390x-gnu" "4.18.1"
    "@rollup/rollup-linux-x64-gnu" "4.18.1"
    "@rollup/rollup-linux-x64-musl" "4.18.1"
    "@rollup/rollup-win32-arm64-msvc" "4.18.1"
    "@rollup/rollup-win32-ia32-msvc" "4.18.1"
    "@rollup/rollup-win32-x64-msvc" "4.18.1"
    fsevents "~2.3.2"

semver@^7.5.4:
  version "7.6.2"
  resolved "https://registry.npmmirror.com/semver/-/semver-7.6.2.tgz"
  integrity sha512-FNAIBWCx9qcRhoHcgcJ0gvU7SN1lYU2ZXuSfl04bSC5OpvDHFyJCjdNHomPXxjQlCBU67YW64PzY7/VIEH7F2w==

source-map-js@^1.2.0:
  version "1.2.0"
  resolved "https://registry.npmmirror.com/source-map-js/-/source-map-js-1.2.0.tgz"
  integrity sha512-itJW8lvSA0TXEphiRoawsCksnlf8SyvmFzIhltqAHluXd88pkCd+cXJVHTDwdCr0IzwptSm035IHQktUu1QUMg==

source-map-support@~0.5.20:
  version "0.5.21"
  resolved "https://registry.npmmirror.com/source-map-support/-/source-map-support-0.5.21.tgz"
  integrity sha512-uBHU3L3czsIyYXKX88fdrGovxdSCoTGDRZ6SYXtSRxLZUzHg5P/66Ht6uoUlHu9EZod+inXhKo3qQgwXUT/y1w==
  dependencies:
    buffer-from "^1.0.0"
    source-map "^0.6.0"

source-map@^0.6.0:
  version "0.6.1"
  resolved "https://registry.npmmirror.com/source-map/-/source-map-0.6.1.tgz"
  integrity sha512-UjgapumWlbMhkBgzT7Ykc5YXUT46F0iKu8SGXq0bcwP5dz/h0Plj6enJqjz1Zbq2l5WaqYnrVbwWOWMyF3F47g==

source-map@^0.7.4:
  version "0.7.4"
  resolved "https://registry.npmmirror.com/source-map/-/source-map-0.7.4.tgz"
  integrity sha512-l3BikUxvPOcn5E74dZiq5BGsTb5yEwhaTSzccU6t4sDOH8NWJCstKO5QT2CvtFoK6F0saL7p9xHAqHOlCPJygA==

spark-md5@^3.0.2:
  version "3.0.2"
  resolved "https://registry.npmmirror.com/spark-md5/-/spark-md5-3.0.2.tgz"
  integrity sha512-wcFzz9cDfbuqe0FZzfi2or1sgyIrsDwmPwfZC4hiNidPdPINjeUwNfv5kldczoEAcjl9Y1L3SM7Uz2PUEQzxQw==

string-width@^4.1.0, string-width@^4.2.0, string-width@^4.2.3:
  version "4.2.3"
  resolved "https://registry.npmmirror.com/string-width/-/string-width-4.2.3.tgz"
  integrity sha512-wKyQRQpjJ0sIp62ErSZdGsjMJWsap5oRNihHhu6G7JVO/9jIB6UyevL+tXuOqrng8j/cxKTWyWUwvSTriiZz/g==
  dependencies:
    emoji-regex "^8.0.0"
    is-fullwidth-code-point "^3.0.0"
    strip-ansi "^6.0.1"

strip-ansi@^6.0.0, strip-ansi@^6.0.1:
  version "6.0.1"
  resolved "https://registry.npmmirror.com/strip-ansi/-/strip-ansi-6.0.1.tgz"
  integrity sha512-Y38VPSHcqkFrCpFnQ9vuSXmquuv5oXOKpGeT6aGrr3o3Gc9AlVa6JBfUSOCnbxGGZF+/0ooI7KrPuUSztUdU5A==
  dependencies:
    ansi-regex "^5.0.1"

terser@^5.31.2:
  version "5.31.2"
  resolved "https://registry.npmmirror.com/terser/-/terser-5.31.2.tgz"
  integrity sha512-LGyRZVFm/QElZHy/CPr/O4eNZOZIzsrQ92y4v9UJe/pFJjypje2yI3C2FmPtvUEnhadlSbmG2nXtdcjHOjCfxw==
  dependencies:
    "@jridgewell/source-map" "^0.3.3"
    acorn "^8.8.2"
    commander "^2.20.0"
    source-map-support "~0.5.20"

to-regex-range@^5.0.1:
  version "5.0.1"
  resolved "https://registry.npmmirror.com/to-regex-range/-/to-regex-range-5.0.1.tgz"
  integrity sha512-65P7iz6X5yEr1cwcgvQxbbIw7Uk3gOy5dIdtZ4rDveLqhrdJP+Li/Hx6tyK0NEb+2GCyneCMJiGqrADCSNk8sQ==
  dependencies:
    is-number "^7.0.0"

typescript@^5.2.2:
  version "5.5.3"
  resolved "https://registry.npmmirror.com/typescript/-/typescript-5.5.3.tgz"
  integrity sha512-/hreyEujaB0w76zKo6717l3L0o/qEUtRgdvUBvlkhoWeOVMjMuHNHk0BRBzikzuGDqNmPQbg5ifMEqsHLiIUcQ==

undici-types@~5.26.4:
  version "5.26.5"
  resolved "https://registry.npmmirror.com/undici-types/-/undici-types-5.26.5.tgz"
  integrity sha512-JlCMO+ehdEIKqlFxk6IfVoAUVmgz7cU7zD/h9XZ0qzeosSHmUJVOzSQvvYSYWXkFXC+IfLKSIffhv0sVZup6pA==

vite-plugin-singlefile@^2.0.2:
  version "2.0.2"
  resolved "https://registry.npmmirror.com/vite-plugin-singlefile/-/vite-plugin-singlefile-2.0.2.tgz"
  integrity sha512-Z2ou6HcvED5CF0hM+vcFSaFa+klyS8RyyLxW0PbMRLnMbvzTI6ueWyxdYNFhpuXZgz/aj6+E/dHFTdEcw6gb9w==
  dependencies:
    micromatch "^4.0.7"

vite@^5.3.1:
  version "5.3.3"
  resolved "https://registry.npmmirror.com/vite/-/vite-5.3.3.tgz"
  integrity sha512-NPQdeCU0Dv2z5fu+ULotpuq5yfCS1BzKUIPhNbP3YBfAMGJXbt2nS+sbTFu+qchaqWTD+H3JK++nRwr6XIcp6A==
  dependencies:
    esbuild "^0.21.3"
    postcss "^8.4.39"
    rollup "^4.13.0"
  optionalDependencies:
    fsevents "~2.3.3"

vscode-uri@^3.0.8:
  version "3.0.8"
  resolved "https://registry.npmmirror.com/vscode-uri/-/vscode-uri-3.0.8.tgz"
  integrity sha512-AyFQ0EVmsOZOlAnxoFOGOq1SQDWAB7C6aqMGS23svWAllfOaxbuFvcT8D1i8z3Gyn8fraVeZNNmN6e9bxxXkKw==

vue-demi@*:
  version "0.14.8"
  resolved "https://registry.npmmirror.com/vue-demi/-/vue-demi-0.14.8.tgz"
  integrity sha512-Uuqnk9YE9SsWeReYqK2alDI5YzciATE0r2SkA6iMAtuXvNTMNACJLJEXNXaEy94ECuBe4Sk6RzRU80kjdbIo1Q==

vue-template-compiler@^2.7.14:
  version "2.7.16"
  resolved "https://registry.npmmirror.com/vue-template-compiler/-/vue-template-compiler-2.7.16.tgz"
  integrity sha512-AYbUWAJHLGGQM7+cNTELw+KsOG9nl2CnSv467WobS5Cv9uk3wFcnr1Etsz2sEIHEZvw1U+o9mRlEO6QbZvUPGQ==
  dependencies:
    de-indent "^1.0.2"
    he "^1.2.0"

vue-tsc@^2.0.22:
  version "2.0.26"
  resolved "https://registry.npmmirror.com/vue-tsc/-/vue-tsc-2.0.26.tgz"
  integrity sha512-tOhuwy2bIXbMhz82ef37qeiaQHMXKQkD6mOF6CCPl3/uYtST3l6fdNyfMxipudrQTxTfXVPlgJdMENBFfC1CfQ==
  dependencies:
    "@volar/typescript" "~2.4.0-alpha.15"
    "@vue/language-core" "2.0.26"
    semver "^7.5.4"

vue@^3.3.4:
  version "3.4.31"
  resolved "https://registry.npmmirror.com/vue/-/vue-3.4.31.tgz"
  integrity sha512-njqRrOy7W3YLAlVqSKpBebtZpDVg21FPoaq1I7f/+qqBThK9ChAIjkRWgeP6Eat+8C+iia4P3OYqpATP21BCoQ==
  dependencies:
    "@vue/compiler-dom" "3.4.31"
    "@vue/compiler-sfc" "3.4.31"
    "@vue/runtime-dom" "3.4.31"
    "@vue/server-renderer" "3.4.31"
    "@vue/shared" "3.4.31"

wrap-ansi@^7.0.0:
  version "7.0.0"
  resolved "https://registry.npmmirror.com/wrap-ansi/-/wrap-ansi-7.0.0.tgz"
  integrity sha512-YVGIj2kamLSTxw6NsZjoBxfSwsn0ycdesmc4p+Q21c5zPuZ1pl+NfxVdxPtdHvmNVOQ6XSYG4AUtyt/Fi7D16Q==
  dependencies:
    ansi-styles "^4.0.0"
    string-width "^4.1.0"
    strip-ansi "^6.0.0"

y18n@^5.0.5:
  version "5.0.8"
  resolved "https://registry.npmmirror.com/y18n/-/y18n-5.0.8.tgz"
  integrity sha512-0pfFzegeDWJHJIAmTLRP2DwHjdF5s7jo9tuztdQxAhINCdvS+3nGINqPd00AphqJR/0LhANUS6/+7SCb98YOfA==

yargs-parser@^21.1.1:
  version "21.1.1"
  resolved "https://registry.npmmirror.com/yargs-parser/-/yargs-parser-21.1.1.tgz"
  integrity sha512-tVpsJW7DdjecAiFpbIB1e3qxIQsE6NoPc5/eTdrbbIC4h0LVsWhnoa3g+m2HclBIujHzsxZ4VJVA+GUuc2/LBw==

yargs@^17.5.1:
  version "17.7.2"
  resolved "https://registry.npmmirror.com/yargs/-/yargs-17.7.2.tgz"
  integrity sha512-7dSzzRQ++CKnNI/krKnYRV7JKKPUXMEh61soaHKg9mrWEhzFWhFnxPxGl+69cD1Ou63C13NUPCnmIcrvqCuM6w==
  dependencies:
    cliui "^8.0.1"
    escalade "^3.1.1"
    get-caller-file "^2.0.5"
    require-directory "^2.1.1"
    string-width "^4.2.3"
    y18n "^5.0.5"
    yargs-parser "^21.1.1"
